# This file is automatically @generated by Cargo.
# It is not intended for manual editing.
version = 4

[[package]]
name = "rdb-parser"
version = "0.1.0"

[[package]]
name = "rdb-to-arrow"
version = "0.1.0"
dependencies = [
 "rdb-parser",
]

[[package]]
name = "valkey-rdb-cli"
version = "0.1.0"
dependencies = [
 "rdb-parser",
 "rdb-to-arrow",
]
